Microsoft Visual Studio Solution File, Format Version 12.00
# Visual Studio Version 18
VisualStudioVersion = 18.1.11312.151
MinimumVisualStudioVersion = 10.0.40219.1
Project("{9A19103F-16F7-4668-BE54-9A1E7A4F7556}") = "BluetoothMonitor.App", "BluetoothMonitor.App\BluetoothMonitor.App.csproj", "{3C8CAE7A-7B1A-4B5E-8F30-2B5A2F0E8141}"
EndProject
Project("{FAE04EC0-301F-11D3-BF4B-00C04F79EFBC}") = "BluetoothMonitor.Core", "BluetoothMonitor.Core\BluetoothMonitor.Core.csproj", "{C74E740C-8768-4A3C-868F-DF88D9B84C95}"
EndProject
Project("{2150E333-8FDC-42A3-9474-1A3956D46DE8}") = "Solution Items", "Solution Items", "{61377128-475E-459B-ABD5-A454B138C4ED}"
	ProjectSection(SolutionItems) = preProject
		.editorconfig = .editorconfig
		CLAUDE.md = CLAUDE.md
	EndProjectSection
EndProject
Project("{FAE04EC0-301F-11D3-BF4B-00C04F79EFBC}") = "BluetoothMonitor.E2E", "BluetoothMonitor.E2E\BluetoothMonitor.E2E.csproj", "{6AE44BC5-9D65-42B1-8EFE-C1060A02C516}"
EndProject
Global
	GlobalSection(SolutionConfigurationPlatforms) = preSolution
		Debug|Any CPU = Debug|Any CPU
		Debug|x64 = Debug|x64
		Release|Any CPU = Release|Any CPU
		Release|x64 = Release|x64
	EndGlobalSection
	GlobalSection(ProjectConfigurationPlatforms) = postSolution
		{3C8CAE7A-7B1A-4B5E-8F30-2B5A2F0E8141}.Debug|Any CPU.ActiveCfg = Debug|x64
		{3C8CAE7A-7B1A-4B5E-8F30-2B5A2F0E8141}.Debug|Any CPU.Build.0 = Debug|x64
		{3C8CAE7A-7B1A-4B5E-8F30-2B5A2F0E8141}.Debug|Any CPU.Deploy.0 = Debug|x64
		{3C8CAE7A-7B1A-4B5E-8F30-2B5A2F0E8141}.Debug|x64.ActiveCfg = Debug|x64
		{3C8CAE7A-7B1A-4B5E-8F30-2B5A2F0E8141}.Debug|x64.Build.0 = Debug|x64
		{3C8CAE7A-7B1A-4B5E-8F30-2B5A2F0E8141}.Debug|x64.Deploy.0 = Debug|x64
		{3C8CAE7A-7B1A-4B5E-8F30-2B5A2F0E8141}.Release|Any CPU.ActiveCfg = Release|x64
		{3C8CAE7A-7B1A-4B5E-8F30-2B5A2F0E8141}.Release|x64.ActiveCfg = Release|x64
		{3C8CAE7A-7B1A-4B5E-8F30-2B5A2F0E8141}.Release|x64.Build.0 = Release|x64
		{3C8CAE7A-7B1A-4B5E-8F30-2B5A2F0E8141}.Release|x64.Deploy.0 = Release|x64
		{C74E740C-8768-4A3C-868F-DF88D9B84C95}.Debug|Any CPU.ActiveCfg = Debug|Any CPU
		{C74E740C-8768-4A3C-868F-DF88D9B84C95}.Debug|Any CPU.Build.0 = Debug|Any CPU
		{C74E740C-8768-4A3C-868F-DF88D9B84C95}.Debug|x64.ActiveCfg = Debug|Any CPU
		{C74E740C-8768-4A3C-868F-DF88D9B84C95}.Debug|x64.Build.0 = Debug|Any CPU
		{C74E740C-8768-4A3C-868F-DF88D9B84C95}.Release|Any CPU.ActiveCfg = Release|Any CPU
		{C74E740C-8768-4A3C-868F-DF88D9B84C95}.Release|Any CPU.Build.0 = Release|Any CPU
		{C74E740C-8768-4A3C-868F-DF88D9B84C95}.Release|x64.ActiveCfg = Release|Any CPU
		{C74E740C-8768-4A3C-868F-DF88D9B84C95}.Release|x64.Build.0 = Release|Any CPU
		{6AE44BC5-9D65-42B1-8EFE-C1060A02C516}.Debug|Any CPU.ActiveCfg = Debug|x64
		{6AE44BC5-9D65-42B1-8EFE-C1060A02C516}.Debug|Any CPU.Build.0 = Debug|x64
		{6AE44BC5-9D65-42B1-8EFE-C1060A02C516}.Debug|x64.ActiveCfg = Debug|x64
		{6AE44BC5-9D65-42B1-8EFE-C1060A02C516}.Debug|x64.Build.0 = Debug|x64
		{6AE44BC5-9D65-42B1-8EFE-C1060A02C516}.Release|Any CPU.ActiveCfg = Release|x64
		{6AE44BC5-9D65-42B1-8EFE-C1060A02C516}.Release|Any CPU.Build.0 = Release|x64
		{6AE44BC5-9D65-42B1-8EFE-C1060A02C516}.Release|x64.ActiveCfg = Release|x64
		{6AE44BC5-9D65-42B1-8EFE-C1060A02C516}.Release|x64.Build.0 = Release|x64
	EndGlobalSection
	GlobalSection(SolutionProperties) = preSolution
		HideSolutionNode = FALSE
	EndGlobalSection
	GlobalSection(ExtensibilityGlobals) = postSolution
		SolutionGuid = {29411CBA-E3EE-4FA3-9A1A-2DC29635749A}
	EndGlobalSection
EndGlobal
